
Microsoft Visual Studio Solution File, Format Version 12.00
# Visual Studio 2012
Project("{8BC9CEB8-8B4A-11D0-8D11-00A0C91BC942}") = "streamserver", "streamserver.vcxproj", "{5BED1203-299B-4D8D-B158-53EB4299AD47}"
EndProject
Global
	GlobalSection(SolutionConfigurationPlatforms) = preSolution
		Debug|Win32 = Debug|Win32
		Release|Win32 = Release|Win32
	EndGlobalSection
	GlobalSection(ProjectConfigurationPlatforms) = postSolution
		{5BED1203-299B-4D8D-B158-53EB4299AD47}.Debug|Win32.ActiveCfg = Debug|Win32
		{5BED1203-299B-4D8D-B158-53EB4299AD47}.Debug|Win32.Build.0 = Debug|Win32
		{5BED1203-299B-4D8D-B158-53EB4299AD47}.Release|Win32.ActiveCfg = Release|Win32
		{5BED1203-299B-4D8D-B158-53EB4299AD47}.Release|Win32.Build.0 = Release|Win32
	EndGlobalSection
	GlobalSection(SolutionProperties) = preSolution
		HideSolutionNode = FALSE
	EndGlobalSection
EndGlobal
