
Microsoft Visual Studio Solution File, Format Version 12.00
# Visual Studio 2012
Project("{8BC9CEB8-8B4A-11D0-8D11-00A0C91BC942}") = "mygateway", "mygateway.vcxproj", "{699C1F0F-BBB5-4A69-B429-B87D55883536}"
EndProject
Global
	GlobalSection(SolutionConfigurationPlatforms) = preSolution
		Debug|Win32 = Debug|Win32
		Release|Win32 = Release|Win32
	EndGlobalSection
	GlobalSection(ProjectConfigurationPlatforms) = postSolution
		{699C1F0F-BBB5-4A69-B429-B87D55883536}.Debug|Win32.ActiveCfg = Debug|Win32
		{699C1F0F-BBB5-4A69-B429-B87D55883536}.Debug|Win32.Build.0 = Debug|Win32
		{699C1F0F-BBB5-4A69-B429-B87D55883536}.Release|Win32.ActiveCfg = Release|Win32
		{699C1F0F-BBB5-4A69-B429-B87D55883536}.Release|Win32.Build.0 = Release|Win32
	EndGlobalSection
	GlobalSection(SolutionProperties) = preSolution
		HideSolutionNode = FALSE
	EndGlobalSection
EndGlobal
