<?xml version="1.0" encoding="utf-8"?>
<Project ToolsVersion="4.0" xmlns="http://schemas.microsoft.com/developer/msbuild/2003">
  <ItemGroup>
    <Filter Include="源文件">
      <UniqueIdentifier>{4FC737F1-C7A5-4376-A066-2A32D752A2FF}</UniqueIdentifier>
      <Extensions>cpp;c;cc;cxx;def;odl;idl;hpj;bat;asm;asmx</Extensions>
    </Filter>
    <Filter Include="头文件">
      <UniqueIdentifier>{93995380-89BD-4b04-88EB-625FBE52EBFB}</UniqueIdentifier>
      <Extensions>h;hpp;hxx;hm;inl;inc;xsd</Extensions>
    </Filter>
    <Filter Include="资源文件">
      <UniqueIdentifier>{67DA6AB6-F800-4c08-8B7A-83BB121AAD01}</UniqueIdentifier>
      <Extensions>rc;ico;cur;bmp;dlg;rc2;rct;bin;rgs;gif;jpg;jpeg;jpe;resx;tiff;tif;png;wav;mfcribbon-ms</Extensions>
    </Filter>
  </ItemGroup>
  <ItemGroup>
    <Text Include="ReadMe.txt" />
  </ItemGroup>
  <ItemGroup>
    <ClInclude Include="stdafx.h">
      <Filter>头文件</Filter>
    </ClInclude>
    <ClInclude Include="targetver.h">
      <Filter>头文件</Filter>
    </ClInclude>
    <ClInclude Include="apierror.h">
      <Filter>头文件</Filter>
    </ClInclude>
    <ClInclude Include="auth.h">
      <Filter>头文件</Filter>
    </ClInclude>
    <ClInclude Include="cmdline.h">
      <Filter>头文件</Filter>
    </ClInclude>
    <ClInclude Include="config.h">
      <Filter>头文件</Filter>
    </ClInclude>
    <ClInclude Include="debug.h">
      <Filter>头文件</Filter>
    </ClInclude>
    <ClInclude Include="dtls.h">
      <Filter>头文件</Filter>
    </ClInclude>
    <ClInclude Include="dtls-bio.h">
      <Filter>头文件</Filter>
    </ClInclude>
    <ClInclude Include="ice.h">
      <Filter>头文件</Filter>
    </ClInclude>
    <ClInclude Include="janus.h">
      <Filter>头文件</Filter>
    </ClInclude>
    <ClInclude Include="log.h">
      <Filter>头文件</Filter>
    </ClInclude>
    <ClInclude Include="mach_gettime.h">
      <Filter>头文件</Filter>
    </ClInclude>
    <ClInclude Include="mutex.h">
      <Filter>头文件</Filter>
    </ClInclude>
    <ClInclude Include="os.h">
      <Filter>头文件</Filter>
    </ClInclude>
    <ClInclude Include="record.h">
      <Filter>头文件</Filter>
    </ClInclude>
    <ClInclude Include="rtcp.h">
      <Filter>头文件</Filter>
    </ClInclude>
    <ClInclude Include="rtp.h">
      <Filter>头文件</Filter>
    </ClInclude>
    <ClInclude Include="sctp.h">
      <Filter>头文件</Filter>
    </ClInclude>
    <ClInclude Include="sdp.h">
      <Filter>头文件</Filter>
    </ClInclude>
    <ClInclude Include="turnrest.h">
      <Filter>头文件</Filter>
    </ClInclude>
    <ClInclude Include="utils.h">
      <Filter>头文件</Filter>
    </ClInclude>
    <ClInclude Include="plugin.h">
      <Filter>头文件</Filter>
    </ClInclude>
    <ClInclude Include="transport.h">
      <Filter>头文件</Filter>
    </ClInclude>
  </ItemGroup>
  <ItemGroup>
    <ClCompile Include="stdafx.cpp">
      <Filter>源文件</Filter>
    </ClCompile>
    <ClCompile Include="mygateway.cpp">
      <Filter>源文件</Filter>
    </ClCompile>
    <ClCompile Include="apierror.cpp">
      <Filter>源文件</Filter>
    </ClCompile>
    <ClCompile Include="auth.cpp">
      <Filter>源文件</Filter>
    </ClCompile>
    <ClCompile Include="cmdline.cpp">
      <Filter>源文件</Filter>
    </ClCompile>
    <ClCompile Include="config.cpp">
      <Filter>源文件</Filter>
    </ClCompile>
    <ClCompile Include="dtls-bio.cpp">
      <Filter>源文件</Filter>
    </ClCompile>
    <ClCompile Include="dtls.cpp">
      <Filter>源文件</Filter>
    </ClCompile>
    <ClCompile Include="ice.cpp">
      <Filter>源文件</Filter>
    </ClCompile>
    <ClCompile Include="janus.cpp">
      <Filter>源文件</Filter>
    </ClCompile>
    <ClCompile Include="janus_http.cpp">
      <Filter>源文件</Filter>
    </ClCompile>
    <ClCompile Include="janus_streaming.cpp">
      <Filter>源文件</Filter>
    </ClCompile>
    <ClCompile Include="log.cpp">
      <Filter>源文件</Filter>
    </ClCompile>
    <ClCompile Include="os.cpp">
      <Filter>源文件</Filter>
    </ClCompile>
    <ClCompile Include="plugin.cpp">
      <Filter>源文件</Filter>
    </ClCompile>
    <ClCompile Include="record.cpp">
      <Filter>源文件</Filter>
    </ClCompile>
    <ClCompile Include="rtcp.cpp">
      <Filter>源文件</Filter>
    </ClCompile>
    <ClCompile Include="sctp.cpp">
      <Filter>源文件</Filter>
    </ClCompile>
    <ClCompile Include="sdp.cpp">
      <Filter>源文件</Filter>
    </ClCompile>
    <ClCompile Include="turnrest.cpp">
      <Filter>源文件</Filter>
    </ClCompile>
    <ClCompile Include="utils.cpp">
      <Filter>源文件</Filter>
    </ClCompile>
  </ItemGroup>
</Project>